// !$*UTF8*$!
{
	archiveVersion = 1;
	classes = {
	};
	objectVersion = 77;
	objects = {

/* Begin PBXCopyFilesBuildPhase section */
		821479132D84CB43008A2F23 /* CopyFiles */ = {
			isa = PBXCopyFilesBuildPhase;
			buildActionMask = 2147483647;
			dstPath = /usr/share/man/man1/;
			dstSubfolderSpec = 0;
			files = (
			);
			runOnlyForDeploymentPostprocessing = 1;
		};
		8268B6082D6A884F00AC8D7F /* CopyFiles */ = {
			isa = PBXCopyFilesBuildPhase;
			buildActionMask = 2147483647;
			dstPath = /usr/share/man/man1/;
			dstSubfolderSpec = 0;
			files = (
			);
			runOnlyForDeploymentPostprocessing = 1;
		};
		8268B6162D6A886A00AC8D7F /* CopyFiles */ = {
			isa = PBXCopyFilesBuildPhase;
			buildActionMask = 2147483647;
			dstPath = /usr/share/man/man1/;
			dstSubfolderSpec = 0;
			files = (
			);
			runOnlyForDeploymentPostprocessing = 1;
		};
		827537AB2D7FC05600B76799 /* CopyFiles */ = {
			isa = PBXCopyFilesBuildPhase;
			buildActionMask = 2147483647;
			dstPath = /usr/share/man/man1/;
			dstSubfolderSpec = 0;
			files = (
			);
			runOnlyForDeploymentPostprocessing = 1;
		};
		827537B62D7FC79800B76799 /* CopyFiles */ = {
			isa = PBXCopyFilesBuildPhase;
			buildActionMask = 2147483647;
			dstPath = /usr/share/man/man1/;
			dstSubfolderSpec = 0;
			files = (
			);
			runOnlyForDeploymentPostprocessing = 1;
		};
/* End PBXCopyFilesBuildPhase section */

/* Begin PBXFileReference section */
		821479152D84CB43008A2F23 /* Exercicio-04 */ = {isa = PBXFileReference; explicitFileType = "compiled.mach-o.executable"; includeInIndex = 0; path = "Exercicio-04"; sourceTree = BUILT_PRODUCTS_DIR; };
		8268B60A2D6A884F00AC8D7F /* Algoritmos-Swift */ = {isa = PBXFileReference; explicitFileType = "compiled.mach-o.executable"; includeInIndex = 0; path = "Algoritmos-Swift"; sourceTree = BUILT_PRODUCTS_DIR; };
		8268B6182D6A886A00AC8D7F /* Exercicio-01 */ = {isa = PBXFileReference; explicitFileType = "compiled.mach-o.executable"; includeInIndex = 0; path = "Exercicio-01"; sourceTree = BUILT_PRODUCTS_DIR; };
		827537AD2D7FC05600B76799 /* Exercicio-02 */ = {isa = PBXFileReference; explicitFileType = "compiled.mach-o.executable"; includeInIndex = 0; path = "Exercicio-02"; sourceTree = BUILT_PRODUCTS_DIR; };
		827537B82D7FC79800B76799 /* Exercicio-03 */ = {isa = PBXFileReference; explicitFileType = "compiled.mach-o.executable"; includeInIndex = 0; path = "Exercicio-03"; sourceTree = BUILT_PRODUCTS_DIR; };
/* End PBXFileReference section */

/* Begin PBXFileSystemSynchronizedRootGroup section */
		821479162D84CB43008A2F23 /* Exercicio-04 */ = {
			isa = PBXFileSystemSynchronizedRootGroup;
			path = "Exercicio-04";
			sourceTree = "<group>";
		};
		8268B60C2D6A884F00AC8D7F /* Algoritmos-Swift */ = {
			isa = PBXFileSystemSynchronizedRootGroup;
			path = "Algoritmos-Swift";
			sourceTree = "<group>";
		};
		8268B6192D6A886A00AC8D7F /* Exercicio-01 */ = {
			isa = PBXFileSystemSynchronizedRootGroup;
			path = "Exercicio-01";
			sourceTree = "<group>";
		};
		827537AE2D7FC05600B76799 /* Exercicio-02 */ = {
			isa = PBXFileSystemSynchronizedRootGroup;
			path = "Exercicio-02";
			sourceTree = "<group>";
		};
		827537B92D7FC79800B76799 /* Exercicio-03 */ = {
			isa = PBXFileSystemSynchronizedRootGroup;
			path = "Exercicio-03";
			sourceTree = "<group>";
		};
/* End PBXFileSystemSynchronizedRootGroup section */

/* Begin PBXFrameworksBuildPhase section */
		821479122D84CB43008A2F23 /* Frameworks */ = {
			isa = PBXFrameworksBuildPhase;
			buildActionMask = 2147483647;
			files = (
			);
			runOnlyForDeploymentPostprocessing = 0;
		};
		8268B6072D6A884F00AC8D7F /* Frameworks */ = {
			isa = PBXFrameworksBuildPhase;
			buildActionMask = 2147483647;
			files = (
			);
			runOnlyForDeploymentPostprocessing = 0;
		};
		8268B6152D6A886A00AC8D7F /* Frameworks */ = {
			isa = PBXFrameworksBuildPhase;
			buildActionMask = 2147483647;
			files = (
			);
			runOnlyForDeploymentPostprocessing = 0;
		};
		827537AA2D7FC05600B76799 /* Frameworks */ = {
			isa = PBXFrameworksBuildPhase;
			buildActionMask = 2147483647;
			files = (
			);
			runOnlyForDeploymentPostprocessing = 0;
		};
		827537B52D7FC79800B76799 /* Frameworks */ = {
			isa = PBXFrameworksBuildPhase;
			buildActionMask = 2147483647;
			files = (
			);
			runOnlyForDeploymentPostprocessing = 0;
		};
/* End PBXFrameworksBuildPhase section */

/* Begin PBXGroup section */
		8268B6012D6A884F00AC8D7F = {
			isa = PBXGroup;
			children = (
				8268B60C2D6A884F00AC8D7F /* Algoritmos-Swift */,
				8268B6192D6A886A00AC8D7F /* Exercicio-01 */,
				827537AE2D7FC05600B76799 /* Exercicio-02 */,
				827537B92D7FC79800B76799 /* Exercicio-03 */,
				821479162D84CB43008A2F23 /* Exercicio-04 */,
				8268B60B2D6A884F00AC8D7F /* Products */,
			);
			sourceTree = "<group>";
		};
		8268B60B2D6A884F00AC8D7F /* Products */ = {
			isa = PBXGroup;
			children = (
				8268B60A2D6A884F00AC8D7F /* Algoritmos-Swift */,
				8268B6182D6A886A00AC8D7F /* Exercicio-01 */,
				827537AD2D7FC05600B76799 /* Exercicio-02 */,
				827537B82D7FC79800B76799 /* Exercicio-03 */,
				821479152D84CB43008A2F23 /* Exercicio-04 */,
			);
			name = Products;
			sourceTree = "<group>";
		};
/* End PBXGroup section */

/* Begin PBXNativeTarget section */
		821479142D84CB43008A2F23 /* Exercicio-04 */ = {
			isa = PBXNativeTarget;
			buildConfigurationList = 8214791B2D84CB43008A2F23 /* Build configuration list for PBXNativeTarget "Exercicio-04" */;
			buildPhases = (
				821479112D84CB43008A2F23 /* Sources */,
				821479122D84CB43008A2F23 /* Frameworks */,
				821479132D84CB43008A2F23 /* CopyFiles */,
			);
			buildRules = (
			);
			dependencies = (
			);
			fileSystemSynchronizedGroups = (
				821479162D84CB43008A2F23 /* Exercicio-04 */,
			);
			name = "Exercicio-04";
			packageProductDependencies = (
			);
			productName = "Exercicio-04";
			productReference = 821479152D84CB43008A2F23 /* Exercicio-04 */;
			productType = "com.apple.product-type.tool";
		};
		8268B6092D6A884F00AC8D7F /* Algoritmos-Swift */ = {
			isa = PBXNativeTarget;
			buildConfigurationList = 8268B6112D6A884F00AC8D7F /* Build configuration list for PBXNativeTarget "Algoritmos-Swift" */;
			buildPhases = (
				8268B6062D6A884F00AC8D7F /* Sources */,
				8268B6072D6A884F00AC8D7F /* Frameworks */,
				8268B6082D6A884F00AC8D7F /* CopyFiles */,
			);
			buildRules = (
			);
			dependencies = (
			);
			fileSystemSynchronizedGroups = (
				8268B60C2D6A884F00AC8D7F /* Algoritmos-Swift */,
			);
			name = "Algoritmos-Swift";
			packageProductDependencies = (
			);
			productName = "Algoritmos-Swift";
			productReference = 8268B60A2D6A884F00AC8D7F /* Algoritmos-Swift */;
			productType = "com.apple.product-type.tool";
		};
		8268B6172D6A886A00AC8D7F /* Exercicio-01 */ = {
			isa = PBXNativeTarget;
			buildConfigurationList = 8268B61C2D6A886A00AC8D7F /* Build configuration list for PBXNativeTarget "Exercicio-01" */;
			buildPhases = (
				8268B6142D6A886A00AC8D7F /* Sources */,
				8268B6152D6A886A00AC8D7F /* Frameworks */,
				8268B6162D6A886A00AC8D7F /* CopyFiles */,
			);
			buildRules = (
			);
			dependencies = (
			);
			fileSystemSynchronizedGroups = (
				8268B6192D6A886A00AC8D7F /* Exercicio-01 */,
			);
			name = "Exercicio-01";
			packageProductDependencies = (
			);
			productName = "Exercicio-01";
			productReference = 8268B6182D6A886A00AC8D7F /* Exercicio-01 */;
			productType = "com.apple.product-type.tool";
		};
		827537AC2D7FC05600B76799 /* Exercicio-02 */ = {
			isa = PBXNativeTarget;
			buildConfigurationList = 827537B32D7FC05600B76799 /* Build configuration list for PBXNativeTarget "Exercicio-02" */;
			buildPhases = (
				827537A92D7FC05600B76799 /* Sources */,
				827537AA2D7FC05600B76799 /* Frameworks */,
				827537AB2D7FC05600B76799 /* CopyFiles */,
			);
			buildRules = (
			);
			dependencies = (
			);
			fileSystemSynchronizedGroups = (
				827537AE2D7FC05600B76799 /* Exercicio-02 */,
			);
			name = "Exercicio-02";
			packageProductDependencies = (
			);
			productName = "Exercicio-02";
			productReference = 827537AD2D7FC05600B76799 /* Exercicio-02 */;
			productType = "com.apple.product-type.tool";
		};
		827537B72D7FC79800B76799 /* Exercicio-03 */ = {
			isa = PBXNativeTarget;
			buildConfigurationList = 827537BC2D7FC79800B76799 /* Build configuration list for PBXNativeTarget "Exercicio-03" */;
			buildPhases = (
				827537B42D7FC79800B76799 /* Sources */,
				827537B52D7FC79800B76799 /* Frameworks */,
				827537B62D7FC79800B76799 /* CopyFiles */,
			);
			buildRules = (
			);
			dependencies = (
			);
			fileSystemSynchronizedGroups = (
				827537B92D7FC79800B76799 /* Exercicio-03 */,
			);
			name = "Exercicio-03";
			packageProductDependencies = (
			);
			productName = "Exercicio-03";
			productReference = 827537B82D7FC79800B76799 /* Exercicio-03 */;
			productType = "com.apple.product-type.tool";
		};
/* End PBXNativeTarget section */

/* Begin PBXProject section */
		8268B6022D6A884F00AC8D7F /* Project object */ = {
			isa = PBXProject;
			attributes = {
				BuildIndependentTargetsInParallel = 1;
				LastSwiftUpdateCheck = 1610;
				LastUpgradeCheck = 1610;
				TargetAttributes = {
					821479142D84CB43008A2F23 = {
						CreatedOnToolsVersion = 16.1;
					};
					8268B6092D6A884F00AC8D7F = {
						CreatedOnToolsVersion = 16.1;
					};
					8268B6172D6A886A00AC8D7F = {
						CreatedOnToolsVersion = 16.1;
					};
					827537AC2D7FC05600B76799 = {
						CreatedOnToolsVersion = 16.1;
					};
					827537B72D7FC79800B76799 = {
						CreatedOnToolsVersion = 16.1;
					};
				};
			};
			buildConfigurationList = 8268B6052D6A884F00AC8D7F /* Build configuration list for PBXProject "Algoritmos-Swift" */;
			developmentRegion = en;
			hasScannedForEncodings = 0;
			knownRegions = (
				en,
				Base,
			);
			mainGroup = 8268B6012D6A884F00AC8D7F;
			minimizedProjectReferenceProxies = 1;
			preferredProjectObjectVersion = 77;
			productRefGroup = 8268B60B2D6A884F00AC8D7F /* Products */;
			projectDirPath = "";
			projectRoot = "";
			targets = (
				8268B6092D6A884F00AC8D7F /* Algoritmos-Swift */,
				8268B6172D6A886A00AC8D7F /* Exercicio-01 */,
				827537AC2D7FC05600B76799 /* Exercicio-02 */,
				827537B72D7FC79800B76799 /* Exercicio-03 */,
				821479142D84CB43008A2F23 /* Exercicio-04 */,
			);
		};
/* End PBXProject section */

/* Begin PBXSourcesBuildPhase section */
		821479112D84CB43008A2F23 /* Sources */ = {
			isa = PBXSourcesBuildPhase;
			buildActionMask = 2147483647;
			files = (
			);
			runOnlyForDeploymentPostprocessing = 0;
		};
		8268B6062D6A884F00AC8D7F /* Sources */ = {
			isa = PBXSourcesBuildPhase;
			buildActionMask = 2147483647;
			files = (
			);
			runOnlyForDeploymentPostprocessing = 0;
		};
		8268B6142D6A886A00AC8D7F /* Sources */ = {
			isa = PBXSourcesBuildPhase;
			buildActionMask = 2147483647;
			files = (
			);
			runOnlyForDeploymentPostprocessing = 0;
		};
		827537A92D7FC05600B76799 /* Sources */ = {
			isa = PBXSourcesBuildPhase;
			buildActionMask = 2147483647;
			files = (
			);
			runOnlyForDeploymentPostprocessing = 0;
		};
		827537B42D7FC79800B76799 /* Sources */ = {
			isa = PBXSourcesBuildPhase;
			buildActionMask = 2147483647;
			files = (
			);
			runOnlyForDeploymentPostprocessing = 0;
		};
/* End PBXSourcesBuildPhase section */

/* Begin XCBuildConfiguration section */
		821479192D84CB43008A2F23 /* Debug */ = {
			isa = XCBuildConfiguration;
			buildSettings = {
				CODE_SIGN_STYLE = Automatic;
				DEVELOPMENT_TEAM = 65J6NKQTZK;
				ENABLE_HARDENED_RUNTIME = YES;
				PRODUCT_NAME = "$(TARGET_NAME)";
				SWIFT_VERSION = 5.0;
			};
			name = Debug;
		};
		8214791A2D84CB43008A2F23 /* Release */ = {
			isa = XCBuildConfiguration;
			buildSettings = {
				CODE_SIGN_STYLE = Automatic;
				DEVELOPMENT_TEAM = 65J6NKQTZK;
				ENABLE_HARDENED_RUNTIME = YES;
				PRODUCT_NAME = "$(TARGET_NAME)";
				SWIFT_VERSION = 5.0;
			};
			name = Release;
		};
		8268B60F2D6A884F00AC8D7F /* Debug */ = {
			isa = XCBuildConfiguration;
			buildSettings = {
				ALWAYS_SEARCH_USER_PATHS = NO;
				ASSETCATALOG_COMPILER_GENERATE_SWIFT_ASSET_SYMBOL_EXTENSIONS = YES;
				CLANG_ANALYZER_NONNULL = YES;
				CLANG_ANALYZER_NUMBER_OBJECT_CONVERSION = YES_AGGRESSIVE;
				CLANG_CXX_LANGUAGE_STANDARD = "gnu++20";
				CLANG_ENABLE_MODULES = YES;
				CLANG_ENABLE_OBJC_ARC = YES;
				CLANG_ENABLE_OBJC_WEAK = YES;
				CLANG_WARN_BLOCK_CAPTURE_AUTORELEASING = YES;
				CLANG_WARN_BOOL_CONVERSION = YES;
				CLANG_WARN_COMMA = YES;
				CLANG_WARN_CONSTANT_CONVERSION = YES;
				CLANG_WARN_DEPRECATED_OBJC_IMPLEMENTATIONS = YES;
				CLANG_WARN_DIRECT_OBJC_ISA_USAGE = YES_ERROR;
				CLANG_WARN_DOCUMENTATION_COMMENTS = YES;
				CLANG_WARN_EMPTY_BODY = YES;
				CLANG_WARN_ENUM_CONVERSION = YES;
				CLANG_WARN_INFINITE_RECURSION = YES;
				CLANG_WARN_INT_CONVERSION = YES;
				CLANG_WARN_NON_LITERAL_NULL_CONVERSION = YES;
				CLANG_WARN_OBJC_IMPLICIT_RETAIN_SELF = YES;
				CLANG_WARN_OBJC_LITERAL_CONVERSION = YES;
				CLANG_WARN_OBJC_ROOT_CLASS = YES_ERROR;
				CLANG_WARN_QUOTED_INCLUDE_IN_FRAMEWORK_HEADER = YES;
				CLANG_WARN_RANGE_LOOP_ANALYSIS = YES;
				CLANG_WARN_STRICT_PROTOTYPES = YES;
				CLANG_WARN_SUSPICIOUS_MOVE = YES;
				CLANG_WARN_UNGUARDED_AVAILABILITY = YES_AGGRESSIVE;
				CLANG_WARN_UNREACHABLE_CODE = YES;
				CLANG_WARN__DUPLICATE_METHOD_MATCH = YES;
				COPY_PHASE_STRIP = NO;
				DEBUG_INFORMATION_FORMAT = dwarf;
				ENABLE_STRICT_OBJC_MSGSEND = YES;
				ENABLE_TESTABILITY = YES;
				ENABLE_USER_SCRIPT_SANDBOXING = YES;
				GCC_C_LANGUAGE_STANDARD = gnu17;
				GCC_DYNAMIC_NO_PIC = NO;
				GCC_NO_COMMON_BLOCKS = YES;
				GCC_OPTIMIZATION_LEVEL = 0;
				GCC_PREPROCESSOR_DEFINITIONS = (
					"DEBUG=1",
					"$(inherited)",
				);
				GCC_WARN_64_TO_32_BIT_CONVERSION = YES;
				GCC_WARN_ABOUT_RETURN_TYPE = YES_ERROR;
				GCC_WARN_UNDECLARED_SELECTOR = YES;
				GCC_WARN_UNINITIALIZED_AUTOS = YES_AGGRESSIVE;
				GCC_WARN_UNUSED_FUNCTION = YES;
				GCC_WARN_UNUSED_VARIABLE = YES;
				LOCALIZATION_PREFERS_STRING_CATALOGS = YES;
				MACOSX_DEPLOYMENT_TARGET = 15.1;
				MTL_ENABLE_DEBUG_INFO = INCLUDE_SOURCE;
				MTL_FAST_MATH = YES;
				ONLY_ACTIVE_ARCH = YES;
				SDKROOT = macosx;
				SWIFT_ACTIVE_COMPILATION_CONDITIONS = "DEBUG $(inherited)";
				SWIFT_OPTIMIZATION_LEVEL = "-Onone";
			};
			name = Debug;
		};
		8268B6102D6A884F00AC8D7F /* Release */ = {
			isa = XCBuildConfiguration;
			buildSettings = {
				ALWAYS_SEARCH_USER_PATHS = NO;
				ASSETCATALOG_COMPILER_GENERATE_SWIFT_ASSET_SYMBOL_EXTENSIONS = YES;
				CLANG_ANALYZER_NONNULL = YES;
				CLANG_ANALYZER_NUMBER_OBJECT_CONVERSION = YES_AGGRESSIVE;
				CLANG_CXX_LANGUAGE_STANDARD = "gnu++20";
				CLANG_ENABLE_MODULES = YES;
				CLANG_ENABLE_OBJC_ARC = YES;
				CLANG_ENABLE_OBJC_WEAK = YES;
				CLANG_WARN_BLOCK_CAPTURE_AUTORELEASING = YES;
				CLANG_WARN_BOOL_CONVERSION = YES;
				CLANG_WARN_COMMA = YES;
				CLANG_WARN_CONSTANT_CONVERSION = YES;
				CLANG_WARN_DEPRECATED_OBJC_IMPLEMENTATIONS = YES;
				CLANG_WARN_DIRECT_OBJC_ISA_USAGE = YES_ERROR;
				CLANG_WARN_DOCUMENTATION_COMMENTS = YES;
				CLANG_WARN_EMPTY_BODY = YES;
				CLANG_WARN_ENUM_CONVERSION = YES;
				CLANG_WARN_INFINITE_RECURSION = YES;
				CLANG_WARN_INT_CONVERSION = YES;
				CLANG_WARN_NON_LITERAL_NULL_CONVERSION = YES;
				CLANG_WARN_OBJC_IMPLICIT_RETAIN_SELF = YES;
				CLANG_WARN_OBJC_LITERAL_CONVERSION = YES;
				CLANG_WARN_OBJC_ROOT_CLASS = YES_ERROR;
				CLANG_WARN_QUOTED_INCLUDE_IN_FRAMEWORK_HEADER = YES;
				CLANG_WARN_RANGE_LOOP_ANALYSIS = YES;
				CLANG_WARN_STRICT_PROTOTYPES = YES;
				CLANG_WARN_SUSPICIOUS_MOVE = YES;
				CLANG_WARN_UNGUARDED_AVAILABILITY = YES_AGGRESSIVE;
				CLANG_WARN_UNREACHABLE_CODE = YES;
				CLANG_WARN__DUPLICATE_METHOD_MATCH = YES;
				COPY_PHASE_STRIP = NO;
				DEBUG_INFORMATION_FORMAT = "dwarf-with-dsym";
				ENABLE_NS_ASSERTIONS = NO;
				ENABLE_STRICT_OBJC_MSGSEND = YES;
				ENABLE_USER_SCRIPT_SANDBOXING = YES;
				GCC_C_LANGUAGE_STANDARD = gnu17;
				GCC_NO_COMMON_BLOCKS = YES;
				GCC_WARN_64_TO_32_BIT_CONVERSION = YES;
				GCC_WARN_ABOUT_RETURN_TYPE = YES_ERROR;
				GCC_WARN_UNDECLARED_SELECTOR = YES;
				GCC_WARN_UNINITIALIZED_AUTOS = YES_AGGRESSIVE;
				GCC_WARN_UNUSED_FUNCTION = YES;
				GCC_WARN_UNUSED_VARIABLE = YES;
				LOCALIZATION_PREFERS_STRING_CATALOGS = YES;
				MACOSX_DEPLOYMENT_TARGET = 15.1;
				MTL_ENABLE_DEBUG_INFO = NO;
				MTL_FAST_MATH = YES;
				SDKROOT = macosx;
				SWIFT_COMPILATION_MODE = wholemodule;
			};
			name = Release;
		};
		8268B6122D6A884F00AC8D7F /* Debug */ = {
			isa = XCBuildConfiguration;
			buildSettings = {
				CODE_SIGN_STYLE = Automatic;
				DEVELOPMENT_TEAM = 65J6NKQTZK;
				ENABLE_HARDENED_RUNTIME = YES;
				PRODUCT_NAME = "$(TARGET_NAME)";
				SWIFT_VERSION = 5.0;
			};
			name = Debug;
		};
		8268B6132D6A884F00AC8D7F /* Release */ = {
			isa = XCBuildConfiguration;
			buildSettings = {
				CODE_SIGN_STYLE = Automatic;
				DEVELOPMENT_TEAM = 65J6NKQTZK;
				ENABLE_HARDENED_RUNTIME = YES;
				PRODUCT_NAME = "$(TARGET_NAME)";
				SWIFT_VERSION = 5.0;
			};
			name = Release;
		};
		8268B61D2D6A886A00AC8D7F /* Debug */ = {
			isa = XCBuildConfiguration;
			buildSettings = {
				CODE_SIGN_STYLE = Automatic;
				DEVELOPMENT_TEAM = 65J6NKQTZK;
				ENABLE_HARDENED_RUNTIME = YES;
				PRODUCT_NAME = "$(TARGET_NAME)";
				SWIFT_VERSION = 5.0;
			};
			name = Debug;
		};
		8268B61E2D6A886A00AC8D7F /* Release */ = {
			isa = XCBuildConfiguration;
			buildSettings = {
				CODE_SIGN_STYLE = Automatic;
				DEVELOPMENT_TEAM = 65J6NKQTZK;
				ENABLE_HARDENED_RUNTIME = YES;
				PRODUCT_NAME = "$(TARGET_NAME)";
				SWIFT_VERSION = 5.0;
			};
			name = Release;
		};
		827537B12D7FC05600B76799 /* Debug */ = {
			isa = XCBuildConfiguration;
			buildSettings = {
				CODE_SIGN_STYLE = Automatic;
				DEVELOPMENT_TEAM = 65J6NKQTZK;
				ENABLE_HARDENED_RUNTIME = YES;
				PRODUCT_NAME = "$(TARGET_NAME)";
				SWIFT_VERSION = 5.0;
			};
			name = Debug;
		};
		827537B22D7FC05600B76799 /* Release */ = {
			isa = XCBuildConfiguration;
			buildSettings = {
				CODE_SIGN_STYLE = Automatic;
				DEVELOPMENT_TEAM = 65J6NKQTZK;
				ENABLE_HARDENED_RUNTIME = YES;
				PRODUCT_NAME = "$(TARGET_NAME)";
				SWIFT_VERSION = 5.0;
			};
			name = Release;
		};
		827537BD2D7FC79800B76799 /* Debug */ = {
			isa = XCBuildConfiguration;
			buildSettings = {
				CODE_SIGN_STYLE = Automatic;
				DEVELOPMENT_TEAM = 65J6NKQTZK;
				ENABLE_HARDENED_RUNTIME = YES;
				PRODUCT_NAME = "$(TARGET_NAME)";
				SWIFT_VERSION = 5.0;
			};
			name = Debug;
		};
		827537BE2D7FC79800B76799 /* Release */ = {
			isa = XCBuildConfiguration;
			buildSettings = {
				CODE_SIGN_STYLE = Automatic;
				DEVELOPMENT_TEAM = 65J6NKQTZK;
				ENABLE_HARDENED_RUNTIME = YES;
				PRODUCT_NAME = "$(TARGET_NAME)";
				SWIFT_VERSION = 5.0;
			};
			name = Release;
		};
/* End XCBuildConfiguration section */

/* Begin XCConfigurationList section */
		8214791B2D84CB43008A2F23 /* Build configuration list for PBXNativeTarget "Exercicio-04" */ = {
			isa = XCConfigurationList;
			buildConfigurations = (
				821479192D84CB43008A2F23 /* Debug */,
				8214791A2D84CB43008A2F23 /* Release */,
			);
			defaultConfigurationIsVisible = 0;
			defaultConfigurationName = Release;
		};
		8268B6052D6A884F00AC8D7F /* Build configuration list for PBXProject "Algoritmos-Swift" */ = {
			isa = XCConfigurationList;
			buildConfigurations = (
				8268B60F2D6A884F00AC8D7F /* Debug */,
				8268B6102D6A884F00AC8D7F /* Release */,
			);
			defaultConfigurationIsVisible = 0;
			defaultConfigurationName = Release;
		};
		8268B6112D6A884F00AC8D7F /* Build configuration list for PBXNativeTarget "Algoritmos-Swift" */ = {
			isa = XCConfigurationList;
			buildConfigurations = (
				8268B6122D6A884F00AC8D7F /* Debug */,
				8268B6132D6A884F00AC8D7F /* Release */,
			);
			defaultConfigurationIsVisible = 0;
			defaultConfigurationName = Release;
		};
		8268B61C2D6A886A00AC8D7F /* Build configuration list for PBXNativeTarget "Exercicio-01" */ = {
			isa = XCConfigurationList;
			buildConfigurations = (
				8268B61D2D6A886A00AC8D7F /* Debug */,
				8268B61E2D6A886A00AC8D7F /* Release */,
			);
			defaultConfigurationIsVisible = 0;
			defaultConfigurationName = Release;
		};
		827537B32D7FC05600B76799 /* Build configuration list for PBXNativeTarget "Exercicio-02" */ = {
			isa = XCConfigurationList;
			buildConfigurations = (
				827537B12D7FC05600B76799 /* Debug */,
				827537B22D7FC05600B76799 /* Release */,
			);
			defaultConfigurationIsVisible = 0;
			defaultConfigurationName = Release;
		};
		827537BC2D7FC79800B76799 /* Build configuration list for PBXNativeTarget "Exercicio-03" */ = {
			isa = XCConfigurationList;
			buildConfigurations = (
				827537BD2D7FC79800B76799 /* Debug */,
				827537BE2D7FC79800B76799 /* Release */,
			);
			defaultConfigurationIsVisible = 0;
			defaultConfigurationName = Release;
		};
/* End XCConfigurationList section */
	};
	rootObject = 8268B6022D6A884F00AC8D7F /* Project object */;
}
